// !$*UTF8*$!
{
	archiveVersion = 1;
	classes = {
	};
	objectVersion = 55;
	objects = {

/* Begin PBXBuildFile section */
		B45097FBCB04610D5068331D /* Pods_DemoMoengage.framework in Frameworks */ = {isa = PBXBuildFile; fileRef = C8B5FD69582C4A87FE9FC4E9 /* Pods_DemoMoengage.framework */; };
		C2E4A23C9B370689C3CA76C6 /* Pods_PushTemplateExtension.framework in Frameworks */ = {isa = PBXBuildFile; fileRef = 8111E1D6A2D7AAEC333BB461 /* Pods_PushTemplateExtension.framework */; };
		CC2A5BD227140D5600C96068 /* ProfileView.swift in Sources */ = {isa = PBXBuildFile; fileRef = CC2A5BD127140D5600C96068 /* ProfileView.swift */; };
		CC5B37AE2721A1D20008387B /* NotificationService.swift in Sources */ = {isa = PBXBuildFile; fileRef = CC5B37AD2721A1D20008387B /* NotificationService.swift */; };
		CC5B37B22721A1D20008387B /* NotificationServices.appex in Embed App Extensions */ = {isa = PBXBuildFile; fileRef = CC5B37AB2721A1D20008387B /* NotificationServices.appex */; settings = {ATTRIBUTES = (RemoveHeadersOnCopy, ); }; };
		CC5B37B62721A1DD0008387B /* UserNotifications.framework in Frameworks */ = {isa = PBXBuildFile; fileRef = CC9B7DF4271FC315006A5DB7 /* UserNotifications.framework */; };
		CC9986B52716A3EB00052A15 /* AllItemsView.swift in Sources */ = {isa = PBXBuildFile; fileRef = CC9986B42716A3EB00052A15 /* AllItemsView.swift */; };
		CC9986B72716A47B00052A15 /* TabbedView.swift in Sources */ = {isa = PBXBuildFile; fileRef = CC9986B62716A47B00052A15 /* TabbedView.swift */; };
		CC9986B92716A63900052A15 /* SampleData.swift in Sources */ = {isa = PBXBuildFile; fileRef = CC9986B82716A63900052A15 /* SampleData.swift */; };
		CC9986BB2716A86700052A15 /* ProductStructure.swift in Sources */ = {isa = PBXBuildFile; fileRef = CC9986BA2716A86700052A15 /* ProductStructure.swift */; };
		CC9986BD2716A96900052A15 /* ProductDetails.swift in Sources */ = {isa = PBXBuildFile; fileRef = CC9986BC2716A96900052A15 /* ProductDetails.swift */; };
		CC9B7DF5271FC315006A5DB7 /* UserNotifications.framework in Frameworks */ = {isa = PBXBuildFile; fileRef = CC9B7DF4271FC315006A5DB7 /* UserNotifications.framework */; };
		CCC008222722EE7A00C1B8FE /* UserNotifications.framework in Frameworks */ = {isa = PBXBuildFile; fileRef = CC9B7DF4271FC315006A5DB7 /* UserNotifications.framework */; };
		CCC008232722EE7A00C1B8FE /* UserNotificationsUI.framework in Frameworks */ = {isa = PBXBuildFile; fileRef = CCD14594272257FC00E4B0B9 /* UserNotificationsUI.framework */; };
		CCC008262722EE7A00C1B8FE /* NotificationViewController.swift in Sources */ = {isa = PBXBuildFile; fileRef = CCC008252722EE7A00C1B8FE /* NotificationViewController.swift */; };
		CCC008292722EE7A00C1B8FE /* MainInterface.storyboard in Resources */ = {isa = PBXBuildFile; fileRef = CCC008272722EE7A00C1B8FE /* MainInterface.storyboard */; };
		CCC0082D2722EE7A00C1B8FE /* PushTemplateExtension.appex in Embed App Extensions */ = {isa = PBXBuildFile; fileRef = CCC008212722EE7A00C1B8FE /* PushTemplateExtension.appex */; settings = {ATTRIBUTES = (RemoveHeadersOnCopy, ); }; };
		CCC6FED52718310C007779CD /* moLogo.jpeg in Resources */ = {isa = PBXBuildFile; fileRef = CCC6FED42718310C007779CD /* moLogo.jpeg */; };
		CCF92C30270D59CA0095164A /* DemoMoengageApp.swift in Sources */ = {isa = PBXBuildFile; fileRef = CCF92C2F270D59CA0095164A /* DemoMoengageApp.swift */; };
		CCF92C32270D59CA0095164A /* ContentView.swift in Sources */ = {isa = PBXBuildFile; fileRef = CCF92C31270D59CA0095164A /* ContentView.swift */; };
		CCF92C34270D59CB0095164A /* Assets.xcassets in Resources */ = {isa = PBXBuildFile; fileRef = CCF92C33270D59CB0095164A /* Assets.xcassets */; };
		CCF92C37270D59CB0095164A /* Preview Assets.xcassets in Resources */ = {isa = PBXBuildFile; fileRef = CCF92C36270D59CB0095164A /* Preview Assets.xcassets */; };
		F070D7BFA5D13C70000E3BDA /* Pods_NotificationServices.framework in Frameworks */ = {isa = PBXBuildFile; fileRef = EC82698F506517DD5D0EE9AC /* Pods_NotificationServices.framework */; };
/* End PBXBuildFile section */

/* Begin PBXContainerItemProxy section */
		CC5B37B02721A1D20008387B /* PBXContainerItemProxy */ = {
			isa = PBXContainerItemProxy;
			containerPortal = CCF92C24270D59CA0095164A /* Project object */;
			proxyType = 1;
			remoteGlobalIDString = CC5B37AA2721A1D20008387B;
			remoteInfo = NotificationServices;
		};
		CCC0082B2722EE7A00C1B8FE /* PBXContainerItemProxy */ = {
			isa = PBXContainerItemProxy;
			containerPortal = CCF92C24270D59CA0095164A /* Project object */;
			proxyType = 1;
			remoteGlobalIDString = CCC008202722EE7A00C1B8FE;
			remoteInfo = PushTemplateExtension;
		};
/* End PBXContainerItemProxy section */

/* Begin PBXCopyFilesBuildPhase section */
		CC9B7E0527212BA1006A5DB7 /* Embed App Extensions */ = {
			isa = PBXCopyFilesBuildPhase;
			buildActionMask = 2147483647;
			dstPath = "";
			dstSubfolderSpec = 13;
			files = (
				CCC0082D2722EE7A00C1B8FE /* PushTemplateExtension.appex in Embed App Extensions */,
				CC5B37B22721A1D20008387B /* NotificationServices.appex in Embed App Extensions */,
			);
			name = "Embed App Extensions";
			runOnlyForDeploymentPostprocessing = 0;
		};
/* End PBXCopyFilesBuildPhase section */

/* Begin PBXFileReference section */
		470A901869C2390D2B7F39E7 /* Pods-DemoMoengage.release.xcconfig */ = {isa = PBXFileReference; includeInIndex = 1; lastKnownFileType = text.xcconfig; name = "Pods-DemoMoengage.release.xcconfig"; path = "Target Support Files/Pods-DemoMoengage/Pods-DemoMoengage.release.xcconfig"; sourceTree = "<group>"; };
		8111E1D6A2D7AAEC333BB461 /* Pods_PushTemplateExtension.framework */ = {isa = PBXFileReference; explicitFileType = wrapper.framework; includeInIndex = 0; path = Pods_PushTemplateExtension.framework; sourceTree = BUILT_PRODUCTS_DIR; };
		AAEA1614969D384AC0570C4F /* Pods-PushTemplateExtension.release.xcconfig */ = {isa = PBXFileReference; includeInIndex = 1; lastKnownFileType = text.xcconfig; name = "Pods-PushTemplateExtension.release.xcconfig"; path = "Target Support Files/Pods-PushTemplateExtension/Pods-PushTemplateExtension.release.xcconfig"; sourceTree = "<group>"; };
		AF2F35CDA8A4C0615EF84978 /* Pods-NotificationServices.debug.xcconfig */ = {isa = PBXFileReference; includeInIndex = 1; lastKnownFileType = text.xcconfig; name = "Pods-NotificationServices.debug.xcconfig"; path = "Target Support Files/Pods-NotificationServices/Pods-NotificationServices.debug.xcconfig"; sourceTree = "<group>"; };
		BA942FA547907210E288B370 /* Pods-NotificationServices.release.xcconfig */ = {isa = PBXFileReference; includeInIndex = 1; lastKnownFileType = text.xcconfig; name = "Pods-NotificationServices.release.xcconfig"; path = "Target Support Files/Pods-NotificationServices/Pods-NotificationServices.release.xcconfig"; sourceTree = "<group>"; };
		C2070DEA1DE503A00C420DBA /* Pods-DemoMoengage.debug.xcconfig */ = {isa = PBXFileReference; includeInIndex = 1; lastKnownFileType = text.xcconfig; name = "Pods-DemoMoengage.debug.xcconfig"; path = "Target Support Files/Pods-DemoMoengage/Pods-DemoMoengage.debug.xcconfig"; sourceTree = "<group>"; };
		C8B5FD69582C4A87FE9FC4E9 /* Pods_DemoMoengage.framework */ = {isa = PBXFileReference; explicitFileType = wrapper.framework; includeInIndex = 0; path = Pods_DemoMoengage.framework; sourceTree = BUILT_PRODUCTS_DIR; };
		CC2A5BD127140D5600C96068 /* ProfileView.swift */ = {isa = PBXFileReference; lastKnownFileType = sourcecode.swift; path = ProfileView.swift; sourceTree = "<group>"; };
		CC5B37AB2721A1D20008387B /* NotificationServices.appex */ = {isa = PBXFileReference; explicitFileType = "wrapper.app-extension"; includeInIndex = 0; path = NotificationServices.appex; sourceTree = BUILT_PRODUCTS_DIR; };
		CC5B37AD2721A1D20008387B /* NotificationService.swift */ = {isa = PBXFileReference; lastKnownFileType = sourcecode.swift; path = NotificationService.swift; sourceTree = "<group>"; };
		CC5B37AF2721A1D20008387B /* Info.plist */ = {isa = PBXFileReference; lastKnownFileType = text.plist.xml; path = Info.plist; sourceTree = "<group>"; };
		CC5B37B72721A1E20008387B /* NotificationServices.entitlements */ = {isa = PBXFileReference; lastKnownFileType = text.plist.entitlements; path = NotificationServices.entitlements; sourceTree = "<group>"; };
		CC97D05B271807F300ECA8E0 /* DemoMoengage.entitlements */ = {isa = PBXFileReference; lastKnownFileType = text.plist.entitlements; path = DemoMoengage.entitlements; sourceTree = "<group>"; };
		CC97D05C2718114F00ECA8E0 /* Info.plist */ = {isa = PBXFileReference; lastKnownFileType = text.plist; path = Info.plist; sourceTree = "<group>"; };
		CC9986B42716A3EB00052A15 /* AllItemsView.swift */ = {isa = PBXFileReference; lastKnownFileType = sourcecode.swift; path = AllItemsView.swift; sourceTree = "<group>"; };
		CC9986B62716A47B00052A15 /* TabbedView.swift */ = {isa = PBXFileReference; lastKnownFileType = sourcecode.swift; path = TabbedView.swift; sourceTree = "<group>"; };
		CC9986B82716A63900052A15 /* SampleData.swift */ = {isa = PBXFileReference; lastKnownFileType = sourcecode.swift; path = SampleData.swift; sourceTree = "<group>"; };
		CC9986BA2716A86700052A15 /* ProductStructure.swift */ = {isa = PBXFileReference; lastKnownFileType = sourcecode.swift; path = ProductStructure.swift; sourceTree = "<group>"; };
		CC9986BC2716A96900052A15 /* ProductDetails.swift */ = {isa = PBXFileReference; lastKnownFileType = sourcecode.swift; path = ProductDetails.swift; sourceTree = "<group>"; };
		CC9B7DF4271FC315006A5DB7 /* UserNotifications.framework */ = {isa = PBXFileReference; lastKnownFileType = wrapper.framework; name = UserNotifications.framework; path = System/Library/Frameworks/UserNotifications.framework; sourceTree = SDKROOT; };
		CCC008212722EE7A00C1B8FE /* PushTemplateExtension.appex */ = {isa = PBXFileReference; explicitFileType = "wrapper.app-extension"; includeInIndex = 0; path = PushTemplateExtension.appex; sourceTree = BUILT_PRODUCTS_DIR; };
		CCC008252722EE7A00C1B8FE /* NotificationViewController.swift */ = {isa = PBXFileReference; lastKnownFileType = sourcecode.swift; path = NotificationViewController.swift; sourceTree = "<group>"; };
		CCC008282722EE7A00C1B8FE /* Base */ = {isa = PBXFileReference; lastKnownFileType = file.storyboard; name = Base; path = Base.lproj/MainInterface.storyboard; sourceTree = "<group>"; };
		CCC0082A2722EE7A00C1B8FE /* Info.plist */ = {isa = PBXFileReference; lastKnownFileType = text.plist.xml; path = Info.plist; sourceTree = "<group>"; };
		CCC008312722EE8800C1B8FE /* PushTemplateExtension.entitlements */ = {isa = PBXFileReference; lastKnownFileType = text.plist.entitlements; path = PushTemplateExtension.entitlements; sourceTree = "<group>"; };
		CCC6FED42718310C007779CD /* moLogo.jpeg */ = {isa = PBXFileReference; lastKnownFileType = image.jpeg; path = moLogo.jpeg; sourceTree = "<group>"; };
		CCD14594272257FC00E4B0B9 /* UserNotificationsUI.framework */ = {isa = PBXFileReference; lastKnownFileType = wrapper.framework; name = UserNotificationsUI.framework; path = System/Library/Frameworks/UserNotificationsUI.framework; sourceTree = SDKROOT; };
		CCF92C2C270D59CA0095164A /* DemoMoengage.app */ = {isa = PBXFileReference; explicitFileType = wrapper.application; includeInIndex = 0; path = DemoMoengage.app; sourceTree = BUILT_PRODUCTS_DIR; };
		CCF92C2F270D59CA0095164A /* DemoMoengageApp.swift */ = {isa = PBXFileReference; lastKnownFileType = sourcecode.swift; path = DemoMoengageApp.swift; sourceTree = "<group>"; };
		CCF92C31270D59CA0095164A /* ContentView.swift */ = {isa = PBXFileReference; lastKnownFileType = sourcecode.swift; path = ContentView.swift; sourceTree = "<group>"; };
		CCF92C33270D59CB0095164A /* Assets.xcassets */ = {isa = PBXFileReference; lastKnownFileType = folder.assetcatalog; path = Assets.xcassets; sourceTree = "<group>"; };
		CCF92C36270D59CB0095164A /* Preview Assets.xcassets */ = {isa = PBXFileReference; lastKnownFileType = folder.assetcatalog; path = "Preview Assets.xcassets"; sourceTree = "<group>"; };
		EC82698F506517DD5D0EE9AC /* Pods_NotificationServices.framework */ = {isa = PBXFileReference; explicitFileType = wrapper.framework; includeInIndex = 0; path = Pods_NotificationServices.framework; sourceTree = BUILT_PRODUCTS_DIR; };
		FCBE8B437628DDFA4A61C7FB /* Pods-PushTemplateExtension.debug.xcconfig */ = {isa = PBXFileReference; includeInIndex = 1; lastKnownFileType = text.xcconfig; name = "Pods-PushTemplateExtension.debug.xcconfig"; path = "Target Support Files/Pods-PushTemplateExtension/Pods-PushTemplateExtension.debug.xcconfig"; sourceTree = "<group>"; };
/* End PBXFileReference section */

/* Begin PBXFrameworksBuildPhase section */
		CC5B37A82721A1D20008387B /* Frameworks */ = {
			isa = PBXFrameworksBuildPhase;
			buildActionMask = 2147483647;
			files = (
				CC5B37B62721A1DD0008387B /* UserNotifications.framework in Frameworks */,
				F070D7BFA5D13C70000E3BDA /* Pods_NotificationServices.framework in Frameworks */,
			);
			runOnlyForDeploymentPostprocessing = 0;
		};
		CCC0081E2722EE7A00C1B8FE /* Frameworks */ = {
			isa = PBXFrameworksBuildPhase;
			buildActionMask = 2147483647;
			files = (
				CCC008232722EE7A00C1B8FE /* UserNotificationsUI.framework in Frameworks */,
				CCC008222722EE7A00C1B8FE /* UserNotifications.framework in Frameworks */,
				C2E4A23C9B370689C3CA76C6 /* Pods_PushTemplateExtension.framework in Frameworks */,
			);
			runOnlyForDeploymentPostprocessing = 0;
		};
		CCF92C29270D59CA0095164A /* Frameworks */ = {
			isa = PBXFrameworksBuildPhase;
			buildActionMask = 2147483647;
			files = (
				CC9B7DF5271FC315006A5DB7 /* UserNotifications.framework in Frameworks */,
				B45097FBCB04610D5068331D /* Pods_DemoMoengage.framework in Frameworks */,
			);
			runOnlyForDeploymentPostprocessing = 0;
		};
/* End PBXFrameworksBuildPhase section */

/* Begin PBXGroup section */
		0D776177434CAFB3847F3922 /* Frameworks */ = {
			isa = PBXGroup;
			children = (
				CC9B7DF4271FC315006A5DB7 /* UserNotifications.framework */,
				CCD14594272257FC00E4B0B9 /* UserNotificationsUI.framework */,
				C8B5FD69582C4A87FE9FC4E9 /* Pods_DemoMoengage.framework */,
				EC82698F506517DD5D0EE9AC /* Pods_NotificationServices.framework */,
				8111E1D6A2D7AAEC333BB461 /* Pods_PushTemplateExtension.framework */,
			);
			name = Frameworks;
			sourceTree = "<group>";
		};
		1848CE0AF303B2CB32C727A5 /* Pods */ = {
			isa = PBXGroup;
			children = (
				C2070DEA1DE503A00C420DBA /* Pods-DemoMoengage.debug.xcconfig */,
				470A901869C2390D2B7F39E7 /* Pods-DemoMoengage.release.xcconfig */,
				AF2F35CDA8A4C0615EF84978 /* Pods-NotificationServices.debug.xcconfig */,
				BA942FA547907210E288B370 /* Pods-NotificationServices.release.xcconfig */,
				FCBE8B437628DDFA4A61C7FB /* Pods-PushTemplateExtension.debug.xcconfig */,
				AAEA1614969D384AC0570C4F /* Pods-PushTemplateExtension.release.xcconfig */,
			);
			path = Pods;
			sourceTree = "<group>";
		};
		CC5B37AC2721A1D20008387B /* NotificationServices */ = {
			isa = PBXGroup;
			children = (
				CC5B37B72721A1E20008387B /* NotificationServices.entitlements */,
				CC5B37AD2721A1D20008387B /* NotificationService.swift */,
				CC5B37AF2721A1D20008387B /* Info.plist */,
			);
			path = NotificationServices;
			sourceTree = "<group>";
		};
		CCC008242722EE7A00C1B8FE /* PushTemplateExtension */ = {
			isa = PBXGroup;
			children = (
				CCC008312722EE8800C1B8FE /* PushTemplateExtension.entitlements */,
				CCC008252722EE7A00C1B8FE /* NotificationViewController.swift */,
				CCC008272722EE7A00C1B8FE /* MainInterface.storyboard */,
				CCC0082A2722EE7A00C1B8FE /* Info.plist */,
			);
			path = PushTemplateExtension;
			sourceTree = "<group>";
		};
		CCE43DCF2721529E0080B803 /* Recovered References */ = {
			isa = PBXGroup;
			children = (
			);
			name = "Recovered References";
			sourceTree = "<group>";
		};
		CCF92C23270D59CA0095164A = {
			isa = PBXGroup;
			children = (
				CCF92C2E270D59CA0095164A /* DemoMoengage */,
				CC5B37AC2721A1D20008387B /* NotificationServices */,
				CCC008242722EE7A00C1B8FE /* PushTemplateExtension */,
				CCF92C2D270D59CA0095164A /* Products */,
				1848CE0AF303B2CB32C727A5 /* Pods */,
				0D776177434CAFB3847F3922 /* Frameworks */,
				CCE43DCF2721529E0080B803 /* Recovered References */,
			);
			sourceTree = "<group>";
		};
		CCF92C2D270D59CA0095164A /* Products */ = {
			isa = PBXGroup;
			children = (
				CCF92C2C270D59CA0095164A /* DemoMoengage.app */,
				CC5B37AB2721A1D20008387B /* NotificationServices.appex */,
				CCC008212722EE7A00C1B8FE /* PushTemplateExtension.appex */,
			);
			name = Products;
			sourceTree = "<group>";
		};
		CCF92C2E270D59CA0095164A /* DemoMoengage */ = {
			isa = PBXGroup;
			children = (
				CCF92C35270D59CB0095164A /* Preview Content */,
				CC97D05C2718114F00ECA8E0 /* Info.plist */,
				CC97D05B271807F300ECA8E0 /* DemoMoengage.entitlements */,
				CCF92C2F270D59CA0095164A /* DemoMoengageApp.swift */,
				CCF92C31270D59CA0095164A /* ContentView.swift */,
				CCF92C33270D59CB0095164A /* Assets.xcassets */,
				CCC6FED42718310C007779CD /* moLogo.jpeg */,
				CC2A5BD127140D5600C96068 /* ProfileView.swift */,
				CC9986B42716A3EB00052A15 /* AllItemsView.swift */,
				CC9986B62716A47B00052A15 /* TabbedView.swift */,
				CC9986B82716A63900052A15 /* SampleData.swift */,
				CC9986BA2716A86700052A15 /* ProductStructure.swift */,
				CC9986BC2716A96900052A15 /* ProductDetails.swift */,
			);
			path = DemoMoengage;
			sourceTree = "<group>";
		};
		CCF92C35270D59CB0095164A /* Preview Content */ = {
			isa = PBXGroup;
			children = (
				CCF92C36270D59CB0095164A /* Preview Assets.xcassets */,
			);
			path = "Preview Content";
			sourceTree = "<group>";
		};
/* End PBXGroup section */

/* Begin PBXNativeTarget section */
		CC5B37AA2721A1D20008387B /* NotificationServices */ = {
			isa = PBXNativeTarget;
			buildConfigurationList = CC5B37B52721A1D20008387B /* Build configuration list for PBXNativeTarget "NotificationServices" */;
			buildPhases = (
				9453AEE24C710DC8DCFF4664 /* [CP] Check Pods Manifest.lock */,
				CC5B37A72721A1D20008387B /* Sources */,
				CC5B37A82721A1D20008387B /* Frameworks */,
				CC5B37A92721A1D20008387B /* Resources */,
			);
			buildRules = (
			);
			dependencies = (
			);
			name = NotificationServices;
			productName = NotificationServices;
			productReference = CC5B37AB2721A1D20008387B /* NotificationServices.appex */;
			productType = "com.apple.product-type.app-extension";
		};
		CCC008202722EE7A00C1B8FE /* PushTemplateExtension */ = {
			isa = PBXNativeTarget;
			buildConfigurationList = CCC008302722EE7A00C1B8FE /* Build configuration list for PBXNativeTarget "PushTemplateExtension" */;
			buildPhases = (
				BF2C8272B0BA45EF18FF97C4 /* [CP] Check Pods Manifest.lock */,
				CCC0081D2722EE7A00C1B8FE /* Sources */,
				CCC0081E2722EE7A00C1B8FE /* Frameworks */,
				CCC0081F2722EE7A00C1B8FE /* Resources */,
			);
			buildRules = (
			);
			dependencies = (
			);
			name = PushTemplateExtension;
			productName = PushTemplateExtension;
			productReference = CCC008212722EE7A00C1B8FE /* PushTemplateExtension.appex */;
			productType = "com.apple.product-type.app-extension";
		};
		CCF92C2B270D59CA0095164A /* DemoMoengage */ = {
			isa = PBXNativeTarget;
			buildConfigurationList = CCF92C3A270D59CB0095164A /* Build configuration list for PBXNativeTarget "DemoMoengage" */;
			buildPhases = (
				F3B65F1F4A7AA99070CCA83A /* [CP] Check Pods Manifest.lock */,
				CCF92C28270D59CA0095164A /* Sources */,
				CCF92C29270D59CA0095164A /* Frameworks */,
				CCF92C2A270D59CA0095164A /* Resources */,
				CC9B7E0527212BA1006A5DB7 /* Embed App Extensions */,
				6CE5D83D6A4AB22D9EDA0DEF /* [CP] Embed Pods Frameworks */,
			);
			buildRules = (
			);
			dependencies = (
				CC5B37B12721A1D20008387B /* PBXTargetDependency */,
				CCC0082C2722EE7A00C1B8FE /* PBXTargetDependency */,
			);
			name = DemoMoengage;
			productName = DemoMoengage;
			productReference = CCF92C2C270D59CA0095164A /* DemoMoengage.app */;
			productType = "com.apple.product-type.application";
		};
/* End PBXNativeTarget section */

/* Begin PBXProject section */
		CCF92C24270D59CA0095164A /* Project object */ = {
			isa = PBXProject;
			attributes = {
				BuildIndependentTargetsInParallel = 1;
				LastSwiftUpdateCheck = 1300;
				LastUpgradeCheck = 1300;
				TargetAttributes = {
					CC5B37AA2721A1D20008387B = {
						CreatedOnToolsVersion = 13.0;
					};
					CCC008202722EE7A00C1B8FE = {
						CreatedOnToolsVersion = 13.0;
					};
					CCF92C2B270D59CA0095164A = {
						CreatedOnToolsVersion = 13.0;
					};
				};
			};
			buildConfigurationList = CCF92C27270D59CA0095164A /* Build configuration list for PBXProject "DemoMoengage" */;
			compatibilityVersion = "Xcode 13.0";
			developmentRegion = en;
			hasScannedForEncodings = 0;
			knownRegions = (
				en,
				Base,
			);
			mainGroup = CCF92C23270D59CA0095164A;
			productRefGroup = CCF92C2D270D59CA0095164A /* Products */;
			projectDirPath = "";
			projectRoot = "";
			targets = (
				CCF92C2B270D59CA0095164A /* DemoMoengage */,
				CC5B37AA2721A1D20008387B /* NotificationServices */,
				CCC008202722EE7A00C1B8FE /* PushTemplateExtension */,
			);
		};
/* End PBXProject section */

/* Begin PBXResourcesBuildPhase section */
		CC5B37A92721A1D20008387B /* Resources */ = {
			isa = PBXResourcesBuildPhase;
			buildActionMask = 2147483647;
			files = (
			);
			runOnlyForDeploymentPostprocessing = 0;
		};
		CCC0081F2722EE7A00C1B8FE /* Resources */ = {
			isa = PBXResourcesBuildPhase;
			buildActionMask = 2147483647;
			files = (
				CCC008292722EE7A00C1B8FE /* MainInterface.storyboard in Resources */,
			);
			runOnlyForDeploymentPostprocessing = 0;
		};
		CCF92C2A270D59CA0095164A /* Resources */ = {
			isa = PBXResourcesBuildPhase;
			buildActionMask = 2147483647;
			files = (
				CCC6FED52718310C007779CD /* moLogo.jpeg in Resources */,
				CCF92C37270D59CB0095164A /* Preview Assets.xcassets in Resources */,
				CCF92C34270D59CB0095164A /* Assets.xcassets in Resources */,
			);
			runOnlyForDeploymentPostprocessing = 0;
		};
/* End PBXResourcesBuildPhase section */

/* Begin PBXShellScriptBuildPhase section */
		6CE5D83D6A4AB22D9EDA0DEF /* [CP] Embed Pods Frameworks */ = {
			isa = PBXShellScriptBuildPhase;
			buildActionMask = 2147483647;
			files = (
			);
			inputFileListPaths = (
				"${PODS_ROOT}/Target Support Files/Pods-DemoMoengage/Pods-DemoMoengage-frameworks-${CONFIGURATION}-input-files.xcfilelist",
			);
			name = "[CP] Embed Pods Frameworks";
			outputFileListPaths = (
				"${PODS_ROOT}/Target Support Files/Pods-DemoMoengage/Pods-DemoMoengage-frameworks-${CONFIGURATION}-output-files.xcfilelist",
			);
			runOnlyForDeploymentPostprocessing = 0;
			shellPath = /bin/sh;
			shellScript = "\"${PODS_ROOT}/Target Support Files/Pods-DemoMoengage/Pods-DemoMoengage-frameworks.sh\"\n";
			showEnvVarsInLog = 0;
		};
		9453AEE24C710DC8DCFF4664 /* [CP] Check Pods Manifest.lock */ = {
			isa = PBXShellScriptBuildPhase;
			buildActionMask = 2147483647;
			files = (
			);
			inputFileListPaths = (
			);
			inputPaths = (
				"${PODS_PODFILE_DIR_PATH}/Podfile.lock",
				"${PODS_ROOT}/Manifest.lock",
			);
			name = "[CP] Check Pods Manifest.lock";
			outputFileListPaths = (
			);
			outputPaths = (
				"$(DERIVED_FILE_DIR)/Pods-NotificationServices-checkManifestLockResult.txt",
			);
			runOnlyForDeploymentPostprocessing = 0;
			shellPath = /bin/sh;
			shellScript = "diff \"${PODS_PODFILE_DIR_PATH}/Podfile.lock\" \"${PODS_ROOT}/Manifest.lock\" > /dev/null\nif [ $? != 0 ] ; then\n    # print error to STDERR\n    echo \"error: The sandbox is not in sync with the Podfile.lock. Run 'pod install' or update your CocoaPods installation.\" >&2\n    exit 1\nfi\n# This output is used by Xcode 'outputs' to avoid re-running this script phase.\necho \"SUCCESS\" > \"${SCRIPT_OUTPUT_FILE_0}\"\n";
			showEnvVarsInLog = 0;
		};
		BF2C8272B0BA45EF18FF97C4 /* [CP] Check Pods Manifest.lock */ = {
			isa = PBXShellScriptBuildPhase;
			buildActionMask = 2147483647;
			files = (
			);
			inputFileListPaths = (
			);
			inputPaths = (
				"${PODS_PODFILE_DIR_PATH}/Podfile.lock",
				"${PODS_ROOT}/Manifest.lock",
			);
			name = "[CP] Check Pods Manifest.lock";
			outputFileListPaths = (
			);
			outputPaths = (
				"$(DERIVED_FILE_DIR)/Pods-PushTemplateExtension-checkManifestLockResult.txt",
			);
			runOnlyForDeploymentPostprocessing = 0;
			shellPath = /bin/sh;
			shellScript = "diff \"${PODS_PODFILE_DIR_PATH}/Podfile.lock\" \"${PODS_ROOT}/Manifest.lock\" > /dev/null\nif [ $? != 0 ] ; then\n    # print error to STDERR\n    echo \"error: The sandbox is not in sync with the Podfile.lock. Run 'pod install' or update your CocoaPods installation.\" >&2\n    exit 1\nfi\n# This output is used by Xcode 'outputs' to avoid re-running this script phase.\necho \"SUCCESS\" > \"${SCRIPT_OUTPUT_FILE_0}\"\n";
			showEnvVarsInLog = 0;
		};
		F3B65F1F4A7AA99070CCA83A /* [CP] Check Pods Manifest.lock */ = {
			isa = PBXShellScriptBuildPhase;
			buildActionMask = 2147483647;
			files = (
			);
			inputFileListPaths = (
			);
			inputPaths = (
				"${PODS_PODFILE_DIR_PATH}/Podfile.lock",
				"${PODS_ROOT}/Manifest.lock",
			);
			name = "[CP] Check Pods Manifest.lock";
			outputFileListPaths = (
			);
			outputPaths = (
				"$(DERIVED_FILE_DIR)/Pods-DemoMoengage-checkManifestLockResult.txt",
			);
			runOnlyForDeploymentPostprocessing = 0;
			shellPath = /bin/sh;
			shellScript = "diff \"${PODS_PODFILE_DIR_PATH}/Podfile.lock\" \"${PODS_ROOT}/Manifest.lock\" > /dev/null\nif [ $? != 0 ] ; then\n    # print error to STDERR\n    echo \"error: The sandbox is not in sync with the Podfile.lock. Run 'pod install' or update your CocoaPods installation.\" >&2\n    exit 1\nfi\n# This output is used by Xcode 'outputs' to avoid re-running this script phase.\necho \"SUCCESS\" > \"${SCRIPT_OUTPUT_FILE_0}\"\n";
			showEnvVarsInLog = 0;
		};
/* End PBXShellScriptBuildPhase section */

/* Begin PBXSourcesBuildPhase section */
		CC5B37A72721A1D20008387B /* Sources */ = {
			isa = PBXSourcesBuildPhase;
			buildActionMask = 2147483647;
			files = (
				CC5B37AE2721A1D20008387B /* NotificationService.swift in Sources */,
			);
			runOnlyForDeploymentPostprocessing = 0;
		};
		CCC0081D2722EE7A00C1B8FE /* Sources */ = {
			isa = PBXSourcesBuildPhase;
			buildActionMask = 2147483647;
			files = (
				CCC008262722EE7A00C1B8FE /* NotificationViewController.swift in Sources */,
			);
			runOnlyForDeploymentPostprocessing = 0;
		};
		CCF92C28270D59CA0095164A /* Sources */ = {
			isa = PBXSourcesBuildPhase;
			buildActionMask = 2147483647;
			files = (
				CCF92C32270D59CA0095164A /* ContentView.swift in Sources */,
				CC9986B92716A63900052A15 /* SampleData.swift in Sources */,
				CC9986B72716A47B00052A15 /* TabbedView.swift in Sources */,
				CC2A5BD227140D5600C96068 /* ProfileView.swift in Sources */,
				CCF92C30270D59CA0095164A /* DemoMoengageApp.swift in Sources */,
				CC9986BB2716A86700052A15 /* ProductStructure.swift in Sources */,
				CC9986BD2716A96900052A15 /* ProductDetails.swift in Sources */,
				CC9986B52716A3EB00052A15 /* AllItemsView.swift in Sources */,
			);
			runOnlyForDeploymentPostprocessing = 0;
		};
/* End PBXSourcesBuildPhase section */

/* Begin PBXTargetDependency section */
		CC5B37B12721A1D20008387B /* PBXTargetDependency */ = {
			isa = PBXTargetDependency;
			target = CC5B37AA2721A1D20008387B /* NotificationServices */;
			targetProxy = CC5B37B02721A1D20008387B /* PBXContainerItemProxy */;
		};
		CCC0082C2722EE7A00C1B8FE /* PBXTargetDependency */ = {
			isa = PBXTargetDependency;
			target = CCC008202722EE7A00C1B8FE /* PushTemplateExtension */;
			targetProxy = CCC0082B2722EE7A00C1B8FE /* PBXContainerItemProxy */;
		};
/* End PBXTargetDependency section */

/* Begin PBXVariantGroup section */
		CCC008272722EE7A00C1B8FE /* MainInterface.storyboard */ = {
			isa = PBXVariantGroup;
			children = (
				CCC008282722EE7A00C1B8FE /* Base */,
			);
			name = MainInterface.storyboard;
			sourceTree = "<group>";
		};
/* End PBXVariantGroup section */

/* Begin XCBuildConfiguration section */
		CC5B37B32721A1D20008387B /* Debug */ = {
			isa = XCBuildConfiguration;
			baseConfigurationReference = AF2F35CDA8A4C0615EF84978 /* Pods-NotificationServices.debug.xcconfig */;
			buildSettings = {
				CODE_SIGN_ENTITLEMENTS = NotificationServices/NotificationServices.entitlements;
				CODE_SIGN_IDENTITY = "Apple Development";
				CODE_SIGN_STYLE = Automatic;
				CURRENT_PROJECT_VERSION = 1;
				DEVELOPMENT_TEAM = BPWYRAF5X7;
				GENERATE_INFOPLIST_FILE = YES;
				INFOPLIST_FILE = NotificationServices/Info.plist;
				INFOPLIST_KEY_CFBundleDisplayName = NotificationServices;
				INFOPLIST_KEY_NSHumanReadableCopyright = "";
				IPHONEOS_DEPLOYMENT_TARGET = 14.0;
				LD_RUNPATH_SEARCH_PATHS = (
					"$(inherited)",
					"@executable_path/Frameworks",
					"@executable_path/../../Frameworks",
				);
				MARKETING_VERSION = 1.0;
				PRODUCT_BUNDLE_IDENTIFIER = com.tahreem.DemoMoengageTest.NotificationServices;
				PRODUCT_NAME = "$(TARGET_NAME)";
				SKIP_INSTALL = YES;
				SWIFT_EMIT_LOC_STRINGS = YES;
				SWIFT_VERSION = 5.0;
				TARGETED_DEVICE_FAMILY = "1,2";
			};
			name = Debug;
		};
		CC5B37B42721A1D20008387B /* Release */ = {
			isa = XCBuildConfiguration;
			baseConfigurationReference = BA942FA547907210E288B370 /* Pods-NotificationServices.release.xcconfig */;
			buildSettings = {
				CODE_SIGN_ENTITLEMENTS = NotificationServices/NotificationServices.entitlements;
				CODE_SIGN_IDENTITY = "Apple Development";
				CODE_SIGN_STYLE = Automatic;
				CURRENT_PROJECT_VERSION = 1;
				DEVELOPMENT_TEAM = BPWYRAF5X7;
				GENERATE_INFOPLIST_FILE = YES;
				INFOPLIST_FILE = NotificationServices/Info.plist;
				INFOPLIST_KEY_CFBundleDisplayName = NotificationServices;
				INFOPLIST_KEY_NSHumanReadableCopyright = "";
				IPHONEOS_DEPLOYMENT_TARGET = 14.0;
				LD_RUNPATH_SEARCH_PATHS = (
					"$(inherited)",
					"@executable_path/Frameworks",
					"@executable_path/../../Frameworks",
				);
				MARKETING_VERSION = 1.0;
				PRODUCT_BUNDLE_IDENTIFIER = com.tahreem.DemoMoengageTest.NotificationServices;
				PRODUCT_NAME = "$(TARGET_NAME)";
				SKIP_INSTALL = YES;
				SWIFT_EMIT_LOC_STRINGS = YES;
				SWIFT_VERSION = 5.0;
				TARGETED_DEVICE_FAMILY = "1,2";
			};
			name = Release;
		};
		CCC0082E2722EE7A00C1B8FE /* Debug */ = {
			isa = XCBuildConfiguration;
			baseConfigurationReference = FCBE8B437628DDFA4A61C7FB /* Pods-PushTemplateExtension.debug.xcconfig */;
			buildSettings = {
				CODE_SIGN_ENTITLEMENTS = PushTemplateExtension/PushTemplateExtension.entitlements;
				CODE_SIGN_IDENTITY = "Apple Development";
				CODE_SIGN_STYLE = Automatic;
				CURRENT_PROJECT_VERSION = 1;
				DEVELOPMENT_TEAM = BPWYRAF5X7;
				GENERATE_INFOPLIST_FILE = YES;
				INFOPLIST_FILE = PushTemplateExtension/Info.plist;
				INFOPLIST_KEY_CFBundleDisplayName = PushTemplateExtension;
				INFOPLIST_KEY_NSHumanReadableCopyright = "";
				IPHONEOS_DEPLOYMENT_TARGET = 14.0;
				LD_RUNPATH_SEARCH_PATHS = (
					"$(inherited)",
					"@executable_path/Frameworks",
					"@executable_path/../../Frameworks",
				);
				MARKETING_VERSION = 1.0;
				PRODUCT_BUNDLE_IDENTIFIER = com.tahreem.DemoMoengageTest.PushTemplateExtension;
				PRODUCT_NAME = "$(TARGET_NAME)";
				SKIP_INSTALL = YES;
				SWIFT_EMIT_LOC_STRINGS = YES;
				SWIFT_VERSION = 5.0;
				TARGETED_DEVICE_FAMILY = "1,2";
			};
			name = Debug;
		};
		CCC0082F2722EE7A00C1B8FE /* Release */ = {
			isa = XCBuildConfiguration;
			baseConfigurationReference = AAEA1614969D384AC0570C4F /* Pods-PushTemplateExtension.release.xcconfig */;
			buildSettings = {
				CODE_SIGN_ENTITLEMENTS = PushTemplateExtension/PushTemplateExtension.entitlements;
				CODE_SIGN_IDENTITY = "Apple Development";
				CODE_SIGN_STYLE = Automatic;
				CURRENT_PROJECT_VERSION = 1;
				DEVELOPMENT_TEAM = BPWYRAF5X7;
				GENERATE_INFOPLIST_FILE = YES;
				INFOPLIST_FILE = PushTemplateExtension/Info.plist;
				INFOPLIST_KEY_CFBundleDisplayName = PushTemplateExtension;
				INFOPLIST_KEY_NSHumanReadableCopyright = "";
				IPHONEOS_DEPLOYMENT_TARGET = 14.0;
				LD_RUNPATH_SEARCH_PATHS = (
					"$(inherited)",
					"@executable_path/Frameworks",
					"@executable_path/../../Frameworks",
				);
				MARKETING_VERSION = 1.0;
				PRODUCT_BUNDLE_IDENTIFIER = com.tahreem.DemoMoengageTest.PushTemplateExtension;
				PRODUCT_NAME = "$(TARGET_NAME)";
				SKIP_INSTALL = YES;
				SWIFT_EMIT_LOC_STRINGS = YES;
				SWIFT_VERSION = 5.0;
				TARGETED_DEVICE_FAMILY = "1,2";
			};
			name = Release;
		};
		CCF92C38270D59CB0095164A /* Debug */ = {
			isa = XCBuildConfiguration;
			buildSettings = {
				ALWAYS_SEARCH_USER_PATHS = NO;
				CLANG_ANALYZER_NONNULL = YES;
				CLANG_ANALYZER_NUMBER_OBJECT_CONVERSION = YES_AGGRESSIVE;
				CLANG_CXX_LANGUAGE_STANDARD = "gnu++17";
				CLANG_CXX_LIBRARY = "libc++";
				CLANG_ENABLE_MODULES = YES;
				CLANG_ENABLE_OBJC_ARC = YES;
				CLANG_ENABLE_OBJC_WEAK = YES;
				CLANG_WARN_BLOCK_CAPTURE_AUTORELEASING = YES;
				CLANG_WARN_BOOL_CONVERSION = YES;
				CLANG_WARN_COMMA = YES;
				CLANG_WARN_CONSTANT_CONVERSION = YES;
				CLANG_WARN_DEPRECATED_OBJC_IMPLEMENTATIONS = YES;
				CLANG_WARN_DIRECT_OBJC_ISA_USAGE = YES_ERROR;
				CLANG_WARN_DOCUMENTATION_COMMENTS = YES;
				CLANG_WARN_EMPTY_BODY = YES;
				CLANG_WARN_ENUM_CONVERSION = YES;
				CLANG_WARN_INFINITE_RECURSION = YES;
				CLANG_WARN_INT_CONVERSION = YES;
				CLANG_WARN_NON_LITERAL_NULL_CONVERSION = YES;
				CLANG_WARN_OBJC_IMPLICIT_RETAIN_SELF = YES;
				CLANG_WARN_OBJC_LITERAL_CONVERSION = YES;
				CLANG_WARN_OBJC_ROOT_CLASS = YES_ERROR;
				CLANG_WARN_QUOTED_INCLUDE_IN_FRAMEWORK_HEADER = YES;
				CLANG_WARN_RANGE_LOOP_ANALYSIS = YES;
				CLANG_WARN_STRICT_PROTOTYPES = YES;
				CLANG_WARN_SUSPICIOUS_MOVE = YES;
				CLANG_WARN_UNGUARDED_AVAILABILITY = YES_AGGRESSIVE;
				CLANG_WARN_UNREACHABLE_CODE = YES;
				CLANG_WARN__DUPLICATE_METHOD_MATCH = YES;
				COPY_PHASE_STRIP = NO;
				DEBUG_INFORMATION_FORMAT = dwarf;
				ENABLE_STRICT_OBJC_MSGSEND = YES;
				ENABLE_TESTABILITY = YES;
				GCC_C_LANGUAGE_STANDARD = gnu11;
				GCC_DYNAMIC_NO_PIC = NO;
				GCC_NO_COMMON_BLOCKS = YES;
				GCC_OPTIMIZATION_LEVEL = 0;
				GCC_PREPROCESSOR_DEFINITIONS = (
					"DEBUG=1",
					"$(inherited)",
				);
				GCC_WARN_64_TO_32_BIT_CONVERSION = YES;
				GCC_WARN_ABOUT_RETURN_TYPE = YES_ERROR;
				GCC_WARN_UNDECLARED_SELECTOR = YES;
				GCC_WARN_UNINITIALIZED_AUTOS = YES_AGGRESSIVE;
				GCC_WARN_UNUSED_FUNCTION = YES;
				GCC_WARN_UNUSED_VARIABLE = YES;
				IPHONEOS_DEPLOYMENT_TARGET = 14.0;
				MTL_ENABLE_DEBUG_INFO = INCLUDE_SOURCE;
				MTL_FAST_MATH = YES;
				ONLY_ACTIVE_ARCH = YES;
				SDKROOT = iphoneos;
				SWIFT_ACTIVE_COMPILATION_CONDITIONS = DEBUG;
				SWIFT_OPTIMIZATION_LEVEL = "-Onone";
			};
			name = Debug;
		};
		CCF92C39270D59CB0095164A /* Release */ = {
			isa = XCBuildConfiguration;
			buildSettings = {
				ALWAYS_SEARCH_USER_PATHS = NO;
				CLANG_ANALYZER_NONNULL = YES;
				CLANG_ANALYZER_NUMBER_OBJECT_CONVERSION = YES_AGGRESSIVE;
				CLANG_CXX_LANGUAGE_STANDARD = "gnu++17";
				CLANG_CXX_LIBRARY = "libc++";
				CLANG_ENABLE_MODULES = YES;
				CLANG_ENABLE_OBJC_ARC = YES;
				CLANG_ENABLE_OBJC_WEAK = YES;
				CLANG_WARN_BLOCK_CAPTURE_AUTORELEASING = YES;
				CLANG_WARN_BOOL_CONVERSION = YES;
				CLANG_WARN_COMMA = YES;
				CLANG_WARN_CONSTANT_CONVERSION = YES;
				CLANG_WARN_DEPRECATED_OBJC_IMPLEMENTATIONS = YES;
				CLANG_WARN_DIRECT_OBJC_ISA_USAGE = YES_ERROR;
				CLANG_WARN_DOCUMENTATION_COMMENTS = YES;
				CLANG_WARN_EMPTY_BODY = YES;
				CLANG_WARN_ENUM_CONVERSION = YES;
				CLANG_WARN_INFINITE_RECURSION = YES;
				CLANG_WARN_INT_CONVERSION = YES;
				CLANG_WARN_NON_LITERAL_NULL_CONVERSION = YES;
				CLANG_WARN_OBJC_IMPLICIT_RETAIN_SELF = YES;
				CLANG_WARN_OBJC_LITERAL_CONVERSION = YES;
				CLANG_WARN_OBJC_ROOT_CLASS = YES_ERROR;
				CLANG_WARN_QUOTED_INCLUDE_IN_FRAMEWORK_HEADER = YES;
				CLANG_WARN_RANGE_LOOP_ANALYSIS = YES;
				CLANG_WARN_STRICT_PROTOTYPES = YES;
				CLANG_WARN_SUSPICIOUS_MOVE = YES;
				CLANG_WARN_UNGUARDED_AVAILABILITY = YES_AGGRESSIVE;
				CLANG_WARN_UNREACHABLE_CODE = YES;
				CLANG_WARN__DUPLICATE_METHOD_MATCH = YES;
				COPY_PHASE_STRIP = NO;
				DEBUG_INFORMATION_FORMAT = "dwarf-with-dsym";
				ENABLE_NS_ASSERTIONS = NO;
				ENABLE_STRICT_OBJC_MSGSEND = YES;
				GCC_C_LANGUAGE_STANDARD = gnu11;
				GCC_NO_COMMON_BLOCKS = YES;
				GCC_WARN_64_TO_32_BIT_CONVERSION = YES;
				GCC_WARN_ABOUT_RETURN_TYPE = YES_ERROR;
				GCC_WARN_UNDECLARED_SELECTOR = YES;
				GCC_WARN_UNINITIALIZED_AUTOS = YES_AGGRESSIVE;
				GCC_WARN_UNUSED_FUNCTION = YES;
				GCC_WARN_UNUSED_VARIABLE = YES;
				IPHONEOS_DEPLOYMENT_TARGET = 14.0;
				MTL_ENABLE_DEBUG_INFO = NO;
				MTL_FAST_MATH = YES;
				SDKROOT = iphoneos;
				SWIFT_COMPILATION_MODE = wholemodule;
				SWIFT_OPTIMIZATION_LEVEL = "-O";
				VALIDATE_PRODUCT = YES;
			};
			name = Release;
		};
		CCF92C3B270D59CB0095164A /* Debug */ = {
			isa = XCBuildConfiguration;
			baseConfigurationReference = C2070DEA1DE503A00C420DBA /* Pods-DemoMoengage.debug.xcconfig */;
			buildSettings = {
				ALWAYS_EMBED_SWIFT_STANDARD_LIBRARIES = YES;
				ASSETCATALOG_COMPILER_APPICON_NAME = AppIcon;
				ASSETCATALOG_COMPILER_GLOBAL_ACCENT_COLOR_NAME = AccentColor;
				CODE_SIGN_ENTITLEMENTS = DemoMoengage/DemoMoengage.entitlements;
				CODE_SIGN_IDENTITY = "Apple Development";
				CODE_SIGN_STYLE = Automatic;
				CURRENT_PROJECT_VERSION = 1;
				DEVELOPMENT_ASSET_PATHS = "\"DemoMoengage/Preview Content\"";
				DEVELOPMENT_TEAM = BPWYRAF5X7;
				ENABLE_PREVIEWS = YES;
				GENERATE_INFOPLIST_FILE = YES;
				INFOPLIST_FILE = DemoMoengage/Info.plist;
				INFOPLIST_KEY_UIApplicationSceneManifest_Generation = YES;
				INFOPLIST_KEY_UIApplicationSupportsIndirectInputEvents = YES;
				INFOPLIST_KEY_UILaunchScreen_Generation = YES;
				INFOPLIST_KEY_UISupportedInterfaceOrientations_iPad = "UIInterfaceOrientationPortrait UIInterfaceOrientationPortraitUpsideDown UIInterfaceOrientationLandscapeLeft UIInterfaceOrientationLandscapeRight";
				INFOPLIST_KEY_UISupportedInterfaceOrientations_iPhone = "UIInterfaceOrientationPortrait UIInterfaceOrientationLandscapeLeft UIInterfaceOrientationLandscapeRight";
				INFOPLIST_KEY_UIUserInterfaceStyle = Light;
				IPHONEOS_DEPLOYMENT_TARGET = 14.0;
				LD_RUNPATH_SEARCH_PATHS = (
					"$(inherited)",
					"@executable_path/Frameworks",
				);
				MARKETING_VERSION = 1.0;
				"OTHER_SWIFT_FLAGS[arch=*]" = "-DDEBUG";
				PRODUCT_BUNDLE_IDENTIFIER = com.tahreem.DemoMoengageTest;
				PRODUCT_NAME = "$(TARGET_NAME)";
				PROVISIONING_PROFILE_SPECIFIER = "";
				SWIFT_EMIT_LOC_STRINGS = YES;
				SWIFT_VERSION = 5.0;
				TARGETED_DEVICE_FAMILY = "1,2";
			};
			name = Debug;
		};
		CCF92C3C270D59CB0095164A /* Release */ = {
			isa = XCBuildConfiguration;
			baseConfigurationReference = 470A901869C2390D2B7F39E7 /* Pods-DemoMoengage.release.xcconfig */;
			buildSettings = {
				ALWAYS_EMBED_SWIFT_STANDARD_LIBRARIES = YES;
				ASSETCATALOG_COMPILER_APPICON_NAME = AppIcon;
				ASSETCATALOG_COMPILER_GLOBAL_ACCENT_COLOR_NAME = AccentColor;
				CODE_SIGN_ENTITLEMENTS = DemoMoengage/DemoMoengage.entitlements;
				CODE_SIGN_IDENTITY = "Apple Development";
				CODE_SIGN_STYLE = Automatic;
				CURRENT_PROJECT_VERSION = 1;
				DEVELOPMENT_ASSET_PATHS = "\"DemoMoengage/Preview Content\"";
				DEVELOPMENT_TEAM = BPWYRAF5X7;
				ENABLE_PREVIEWS = YES;
				GENERATE_INFOPLIST_FILE = YES;
				INFOPLIST_FILE = DemoMoengage/Info.plist;
				INFOPLIST_KEY_UIApplicationSceneManifest_Generation = YES;
				INFOPLIST_KEY_UIApplicationSupportsIndirectInputEvents = YES;
				INFOPLIST_KEY_UILaunchScreen_Generation = YES;
				INFOPLIST_KEY_UISupportedInterfaceOrientations_iPad = "UIInterfaceOrientationPortrait UIInterfaceOrientationPortraitUpsideDown UIInterfaceOrientationLandscapeLeft UIInterfaceOrientationLandscapeRight";
				INFOPLIST_KEY_UISupportedInterfaceOrientations_iPhone = "UIInterfaceOrientationPortrait UIInterfaceOrientationLandscapeLeft UIInterfaceOrientationLandscapeRight";
				INFOPLIST_KEY_UIUserInterfaceStyle = Light;
				IPHONEOS_DEPLOYMENT_TARGET = 14.0;
				LD_RUNPATH_SEARCH_PATHS = (
					"$(inherited)",
					"@executable_path/Frameworks",
				);
				MARKETING_VERSION = 1.0;
				PRODUCT_BUNDLE_IDENTIFIER = com.tahreem.DemoMoengageTest;
				PRODUCT_NAME = "$(TARGET_NAME)";
				PROVISIONING_PROFILE_SPECIFIER = "";
				SWIFT_EMIT_LOC_STRINGS = YES;
				SWIFT_VERSION = 5.0;
				TARGETED_DEVICE_FAMILY = "1,2";
			};
			name = Release;
		};
/* End XCBuildConfiguration section */

/* Begin XCConfigurationList section */
		CC5B37B52721A1D20008387B /* Build configuration list for PBXNativeTarget "NotificationServices" */ = {
			isa = XCConfigurationList;
			buildConfigurations = (
				CC5B37B32721A1D20008387B /* Debug */,
				CC5B37B42721A1D20008387B /* Release */,
			);
			defaultConfigurationIsVisible = 0;
			defaultConfigurationName = Release;
		};
		CCC008302722EE7A00C1B8FE /* Build configuration list for PBXNativeTarget "PushTemplateExtension" */ = {
			isa = XCConfigurationList;
			buildConfigurations = (
				CCC0082E2722EE7A00C1B8FE /* Debug */,
				CCC0082F2722EE7A00C1B8FE /* Release */,
			);
			defaultConfigurationIsVisible = 0;
			defaultConfigurationName = Release;
		};
		CCF92C27270D59CA0095164A /* Build configuration list for PBXProject "DemoMoengage" */ = {
			isa = XCConfigurationList;
			buildConfigurations = (
				CCF92C38270D59CB0095164A /* Debug */,
				CCF92C39270D59CB0095164A /* Release */,
			);
			defaultConfigurationIsVisible = 0;
			defaultConfigurationName = Release;
		};
		CCF92C3A270D59CB0095164A /* Build configuration list for PBXNativeTarget "DemoMoengage" */ = {
			isa = XCConfigurationList;
			buildConfigurations = (
				CCF92C3B270D59CB0095164A /* Debug */,
				CCF92C3C270D59CB0095164A /* Release */,
			);
			defaultConfigurationIsVisible = 0;
			defaultConfigurationName = Release;
		};
/* End XCConfigurationList section */
	};
	rootObject = CCF92C24270D59CA0095164A /* Project object */;
}
